// !$*UTF8*$!
{
	archiveVersion = 1;
	classes = {
	};
	objectVersion = 56;
	objects = {

/* Begin PBXBuildFile section */
		8616E8122A095A9D0028F1D9 /* AppDelegate.swift in Sources */ = {isa = PBXBuildFile; fileRef = 8616E8112A095A9D0028F1D9 /* AppDelegate.swift */; };
		8616E8142A095A9D0028F1D9 /* SceneDelegate.swift in Sources */ = {isa = PBXBuildFile; fileRef = 8616E8132A095A9D0028F1D9 /* SceneDelegate.swift */; };
		8616E8162A095A9D0028F1D9 /* ViewController.swift in Sources */ = {isa = PBXBuildFile; fileRef = 8616E8152A095A9D0028F1D9 /* ViewController.swift */; };
		8616E8192A095A9D0028F1D9 /* Main.storyboard in Resources */ = {isa = PBXBuildFile; fileRef = 8616E8172A095A9D0028F1D9 /* Main.storyboard */; };
		8616E81B2A095A9D0028F1D9 /* Assets.xcassets in Resources */ = {isa = PBXBuildFile; fileRef = 8616E81A2A095A9D0028F1D9 /* Assets.xcassets */; };
		8616E81E2A095A9D0028F1D9 /* LaunchScreen.storyboard in Resources */ = {isa = PBXBuildFile; fileRef = 8616E81C2A095A9D0028F1D9 /* LaunchScreen.storyboard */; };
		8616E8272A0961940028F1D9 /* RxCocoa in Frameworks */ = {isa = PBXBuildFile; productRef = 8616E8262A0961940028F1D9 /* RxCocoa */; };
		8616E8292A0961940028F1D9 /* RxSwift in Frameworks */ = {isa = PBXBuildFile; productRef = 8616E8282A0961940028F1D9 /* RxSwift */; };
/* End PBXBuildFile section */

/* Begin PBXFileReference section */
		8616E80E2A095A9D0028F1D9 /* LoginRxSwift.app */ = {isa = PBXFileReference; explicitFileType = wrapper.application; includeInIndex = 0; path = LoginRxSwift.app; sourceTree = BUILT_PRODUCTS_DIR; };
		8616E8112A095A9D0028F1D9 /* AppDelegate.swift */ = {isa = PBXFileReference; lastKnownFileType = sourcecode.swift; path = AppDelegate.swift; sourceTree = "<group>"; };
		8616E8132A095A9D0028F1D9 /* SceneDelegate.swift */ = {isa = PBXFileReference; lastKnownFileType = sourcecode.swift; path = SceneDelegate.swift; sourceTree = "<group>"; };
		8616E8152A095A9D0028F1D9 /* ViewController.swift */ = {isa = PBXFileReference; lastKnownFileType = sourcecode.swift; path = ViewController.swift; sourceTree = "<group>"; };
		8616E8182A095A9D0028F1D9 /* Base */ = {isa = PBXFileReference; lastKnownFileType = file.storyboard; name = Base; path = Base.lproj/Main.storyboard; sourceTree = "<group>"; };
		8616E81A2A095A9D0028F1D9 /* Assets.xcassets */ = {isa = PBXFileReference; lastKnownFileType = folder.assetcatalog; path = Assets.xcassets; sourceTree = "<group>"; };
		8616E81D2A095A9D0028F1D9 /* Base */ = {isa = PBXFileReference; lastKnownFileType = file.storyboard; name = Base; path = Base.lproj/LaunchScreen.storyboard; sourceTree = "<group>"; };
		8616E81F2A095A9D0028F1D9 /* Info.plist */ = {isa = PBXFileReference; lastKnownFileType = text.plist.xml; path = Info.plist; sourceTree = "<group>"; };
		8616E82E2A096C090028F1D9 /* Simulator Screen Recording - iPhone 14 Pro - 2023-05-08 at 18.41.06.gif */ = {isa = PBXFileReference; lastKnownFileType = image.gif; path = "Simulator Screen Recording - iPhone 14 Pro - 2023-05-08 at 18.41.06.gif"; sourceTree = "<group>"; };
/* End PBXFileReference section */

/* Begin PBXFrameworksBuildPhase section */
		8616E80B2A095A9D0028F1D9 /* Frameworks */ = {
			isa = PBXFrameworksBuildPhase;
			buildActionMask = 2147483647;
			files = (
				8616E8292A0961940028F1D9 /* RxSwift in Frameworks */,
				8616E8272A0961940028F1D9 /* RxCocoa in Frameworks */,
			);
			runOnlyForDeploymentPostprocessing = 0;
		};
/* End PBXFrameworksBuildPhase section */

/* Begin PBXGroup section */
		8616E8052A095A9D0028F1D9 = {
			isa = PBXGroup;
			children = (
				8616E8102A095A9D0028F1D9 /* LoginRxSwift */,
				8616E80F2A095A9D0028F1D9 /* Products */,
			);
			sourceTree = "<group>";
		};
		8616E80F2A095A9D0028F1D9 /* Products */ = {
			isa = PBXGroup;
			children = (
				8616E80E2A095A9D0028F1D9 /* LoginRxSwift.app */,
			);
			name = Products;
			sourceTree = "<group>";
		};
		8616E8102A095A9D0028F1D9 /* LoginRxSwift */ = {
			isa = PBXGroup;
			children = (
				8616E82A2A096BC80028F1D9 /* media */,
				8616E8112A095A9D0028F1D9 /* AppDelegate.swift */,
				8616E8132A095A9D0028F1D9 /* SceneDelegate.swift */,
				8616E8152A095A9D0028F1D9 /* ViewController.swift */,
				8616E8172A095A9D0028F1D9 /* Main.storyboard */,
				8616E81A2A095A9D0028F1D9 /* Assets.xcassets */,
				8616E81C2A095A9D0028F1D9 /* LaunchScreen.storyboard */,
				8616E81F2A095A9D0028F1D9 /* Info.plist */,
			);
			path = LoginRxSwift;
			sourceTree = "<group>";
		};
		8616E82A2A096BC80028F1D9 /* media */ = {
			isa = PBXGroup;
			children = (
				8616E82E2A096C090028F1D9 /* Simulator Screen Recording - iPhone 14 Pro - 2023-05-08 at 18.41.06.gif */,
			);
			path = media;
			sourceTree = "<group>";
		};
/* End PBXGroup section */

/* Begin PBXNativeTarget section */
		8616E80D2A095A9D0028F1D9 /* LoginRxSwift */ = {
			isa = PBXNativeTarget;
			buildConfigurationList = 8616E8222A095A9D0028F1D9 /* Build configuration list for PBXNativeTarget "LoginRxSwift" */;
			buildPhases = (
				8616E80A2A095A9D0028F1D9 /* Sources */,
				8616E80B2A095A9D0028F1D9 /* Frameworks */,
				8616E80C2A095A9D0028F1D9 /* Resources */,
			);
			buildRules = (
			);
			dependencies = (
			);
			name = LoginRxSwift;
			packageProductDependencies = (
				8616E8262A0961940028F1D9 /* RxCocoa */,
				8616E8282A0961940028F1D9 /* RxSwift */,
			);
			productName = LoginRxSwift;
			productReference = 8616E80E2A095A9D0028F1D9 /* LoginRxSwift.app */;
			productType = "com.apple.product-type.application";
		};
/* End PBXNativeTarget section */

/* Begin PBXProject section */
		8616E8062A095A9D0028F1D9 /* Project object */ = {
			isa = PBXProject;
			attributes = {
				BuildIndependentTargetsInParallel = 1;
				LastSwiftUpdateCheck = 1420;
				LastUpgradeCheck = 1420;
				TargetAttributes = {
					8616E80D2A095A9D0028F1D9 = {
						CreatedOnToolsVersion = 14.2;
					};
				};
			};
			buildConfigurationList = 8616E8092A095A9D0028F1D9 /* Build configuration list for PBXProject "LoginRxSwift" */;
			compatibilityVersion = "Xcode 14.0";
			developmentRegion = en;
			hasScannedForEncodings = 0;
			knownRegions = (
				en,
				Base,
			);
			mainGroup = 8616E8052A095A9D0028F1D9;
			packageReferences = (
				8616E8252A0961940028F1D9 /* XCRemoteSwiftPackageReference "RxSwift" */,
			);
			productRefGroup = 8616E80F2A095A9D0028F1D9 /* Products */;
			projectDirPath = "";
			projectRoot = "";
			targets = (
				8616E80D2A095A9D0028F1D9 /* LoginRxSwift */,
			);
		};
/* End PBXProject section */

/* Begin PBXResourcesBuildPhase section */
		8616E80C2A095A9D0028F1D9 /* Resources */ = {
			isa = PBXResourcesBuildPhase;
			buildActionMask = 2147483647;
			files = (
				8616E81E2A095A9D0028F1D9 /* LaunchScreen.storyboard in Resources */,
				8616E81B2A095A9D0028F1D9 /* Assets.xcassets in Resources */,
				8616E8192A095A9D0028F1D9 /* Main.storyboard in Resources */,
			);
			runOnlyForDeploymentPostprocessing = 0;
		};
/* End PBXResourcesBuildPhase section */

/* Begin PBXSourcesBuildPhase section */
		8616E80A2A095A9D0028F1D9 /* Sources */ = {
			isa = PBXSourcesBuildPhase;
			buildActionMask = 2147483647;
			files = (
				8616E8162A095A9D0028F1D9 /* ViewController.swift in Sources */,
				8616E8122A095A9D0028F1D9 /* AppDelegate.swift in Sources */,
				8616E8142A095A9D0028F1D9 /* SceneDelegate.swift in Sources */,
			);
			runOnlyForDeploymentPostprocessing = 0;
		};
/* End PBXSourcesBuildPhase section */

/* Begin PBXVariantGroup section */
		8616E8172A095A9D0028F1D9 /* Main.storyboard */ = {
			isa = PBXVariantGroup;
			children = (
				8616E8182A095A9D0028F1D9 /* Base */,
			);
			name = Main.storyboard;
			sourceTree = "<group>";
		};
		8616E81C2A095A9D0028F1D9 /* LaunchScreen.storyboard */ = {
			isa = PBXVariantGroup;
			children = (
				8616E81D2A095A9D0028F1D9 /* Base */,
			);
			name = LaunchScreen.storyboard;
			sourceTree = "<group>";
		};
/* End PBXVariantGroup section */

/* Begin XCBuildConfiguration section */
		8616E8202A095A9D0028F1D9 /* Debug */ = {
			isa = XCBuildConfiguration;
			buildSettings = {
				ALWAYS_SEARCH_USER_PATHS = NO;
				CLANG_ANALYZER_NONNULL = YES;
				CLANG_ANALYZER_NUMBER_OBJECT_CONVERSION = YES_AGGRESSIVE;
				CLANG_CXX_LANGUAGE_STANDARD = "gnu++20";
				CLANG_ENABLE_MODULES = YES;
				CLANG_ENABLE_OBJC_ARC = YES;
				CLANG_ENABLE_OBJC_WEAK = YES;
				CLANG_WARN_BLOCK_CAPTURE_AUTORELEASING = YES;
				CLANG_WARN_BOOL_CONVERSION = YES;
				CLANG_WARN_COMMA = YES;
				CLANG_WARN_CONSTANT_CONVERSION = YES;
				CLANG_WARN_DEPRECATED_OBJC_IMPLEMENTATIONS = YES;
				CLANG_WARN_DIRECT_OBJC_ISA_USAGE = YES_ERROR;
				CLANG_WARN_DOCUMENTATION_COMMENTS = YES;
				CLANG_WARN_EMPTY_BODY = YES;
				CLANG_WARN_ENUM_CONVERSION = YES;
				CLANG_WARN_INFINITE_RECURSION = YES;
				CLANG_WARN_INT_CONVERSION = YES;
				CLANG_WARN_NON_LITERAL_NULL_CONVERSION = YES;
				CLANG_WARN_OBJC_IMPLICIT_RETAIN_SELF = YES;
				CLANG_WARN_OBJC_LITERAL_CONVERSION = YES;
				CLANG_WARN_OBJC_ROOT_CLASS = YES_ERROR;
				CLANG_WARN_QUOTED_INCLUDE_IN_FRAMEWORK_HEADER = YES;
				CLANG_WARN_RANGE_LOOP_ANALYSIS = YES;
				CLANG_WARN_STRICT_PROTOTYPES = YES;
				CLANG_WARN_SUSPICIOUS_MOVE = YES;
				CLANG_WARN_UNGUARDED_AVAILABILITY = YES_AGGRESSIVE;
				CLANG_WARN_UNREACHABLE_CODE = YES;
				CLANG_WARN__DUPLICATE_METHOD_MATCH = YES;
				COPY_PHASE_STRIP = NO;
				DEBUG_INFORMATION_FORMAT = dwarf;
				ENABLE_STRICT_OBJC_MSGSEND = YES;
				ENABLE_TESTABILITY = YES;
				GCC_C_LANGUAGE_STANDARD = gnu11;
				GCC_DYNAMIC_NO_PIC = NO;
				GCC_NO_COMMON_BLOCKS = YES;
				GCC_OPTIMIZATION_LEVEL = 0;
				GCC_PREPROCESSOR_DEFINITIONS = (
					"DEBUG=1",
					"$(inherited)",
				);
				GCC_WARN_64_TO_32_BIT_CONVERSION = YES;
				GCC_WARN_ABOUT_RETURN_TYPE = YES_ERROR;
				GCC_WARN_UNDECLARED_SELECTOR = YES;
				GCC_WARN_UNINITIALIZED_AUTOS = YES_AGGRESSIVE;
				GCC_WARN_UNUSED_FUNCTION = YES;
				GCC_WARN_UNUSED_VARIABLE = YES;
				IPHONEOS_DEPLOYMENT_TARGET = 16.2;
				MTL_ENABLE_DEBUG_INFO = INCLUDE_SOURCE;
				MTL_FAST_MATH = YES;
				ONLY_ACTIVE_ARCH = YES;
				SDKROOT = iphoneos;
				SWIFT_ACTIVE_COMPILATION_CONDITIONS = DEBUG;
				SWIFT_OPTIMIZATION_LEVEL = "-Onone";
			};
			name = Debug;
		};
		8616E8212A095A9D0028F1D9 /* Release */ = {
			isa = XCBuildConfiguration;
			buildSettings = {
				ALWAYS_SEARCH_USER_PATHS = NO;
				CLANG_ANALYZER_NONNULL = YES;
				CLANG_ANALYZER_NUMBER_OBJECT_CONVERSION = YES_AGGRESSIVE;
				CLANG_CXX_LANGUAGE_STANDARD = "gnu++20";
				CLANG_ENABLE_MODULES = YES;
				CLANG_ENABLE_OBJC_ARC = YES;
				CLANG_ENABLE_OBJC_WEAK = YES;
				CLANG_WARN_BLOCK_CAPTURE_AUTORELEASING = YES;
				CLANG_WARN_BOOL_CONVERSION = YES;
				CLANG_WARN_COMMA = YES;
				CLANG_WARN_CONSTANT_CONVERSION = YES;
				CLANG_WARN_DEPRECATED_OBJC_IMPLEMENTATIONS = YES;
				CLANG_WARN_DIRECT_OBJC_ISA_USAGE = YES_ERROR;
				CLANG_WARN_DOCUMENTATION_COMMENTS = YES;
				CLANG_WARN_EMPTY_BODY = YES;
				CLANG_WARN_ENUM_CONVERSION = YES;
				CLANG_WARN_INFINITE_RECURSION = YES;
				CLANG_WARN_INT_CONVERSION = YES;
				CLANG_WARN_NON_LITERAL_NULL_CONVERSION = YES;
				CLANG_WARN_OBJC_IMPLICIT_RETAIN_SELF = YES;
				CLANG_WARN_OBJC_LITERAL_CONVERSION = YES;
				CLANG_WARN_OBJC_ROOT_CLASS = YES_ERROR;
				CLANG_WARN_QUOTED_INCLUDE_IN_FRAMEWORK_HEADER = YES;
				CLANG_WARN_RANGE_LOOP_ANALYSIS = YES;
				CLANG_WARN_STRICT_PROTOTYPES = YES;
				CLANG_WARN_SUSPICIOUS_MOVE = YES;
				CLANG_WARN_UNGUARDED_AVAILABILITY = YES_AGGRESSIVE;
				CLANG_WARN_UNREACHABLE_CODE = YES;
				CLANG_WARN__DUPLICATE_METHOD_MATCH = YES;
				COPY_PHASE_STRIP = NO;
				DEBUG_INFORMATION_FORMAT = "dwarf-with-dsym";
				ENABLE_NS_ASSERTIONS = NO;
				ENABLE_STRICT_OBJC_MSGSEND = YES;
				GCC_C_LANGUAGE_STANDARD = gnu11;
				GCC_NO_COMMON_BLOCKS = YES;
				GCC_WARN_64_TO_32_BIT_CONVERSION = YES;
				GCC_WARN_ABOUT_RETURN_TYPE = YES_ERROR;
				GCC_WARN_UNDECLARED_SELECTOR = YES;
				GCC_WARN_UNINITIALIZED_AUTOS = YES_AGGRESSIVE;
				GCC_WARN_UNUSED_FUNCTION = YES;
				GCC_WARN_UNUSED_VARIABLE = YES;
				IPHONEOS_DEPLOYMENT_TARGET = 16.2;
				MTL_ENABLE_DEBUG_INFO = NO;
				MTL_FAST_MATH = YES;
				SDKROOT = iphoneos;
				SWIFT_COMPILATION_MODE = wholemodule;
				SWIFT_OPTIMIZATION_LEVEL = "-O";
				VALIDATE_PRODUCT = YES;
			};
			name = Release;
		};
		8616E8232A095A9D0028F1D9 /* Debug */ = {
			isa = XCBuildConfiguration;
			buildSettings = {
				ASSETCATALOG_COMPILER_APPICON_NAME = AppIcon;
				ASSETCATALOG_COMPILER_GLOBAL_ACCENT_COLOR_NAME = AccentColor;
				CODE_SIGN_STYLE = Automatic;
				CURRENT_PROJECT_VERSION = 1;
				DEVELOPMENT_TEAM = 922R4697G4;
				GENERATE_INFOPLIST_FILE = YES;
				INFOPLIST_FILE = LoginRxSwift/Info.plist;
				INFOPLIST_KEY_UIApplicationSupportsIndirectInputEvents = YES;
				INFOPLIST_KEY_UILaunchStoryboardName = LaunchScreen;
				INFOPLIST_KEY_UIMainStoryboardFile = Main;
				INFOPLIST_KEY_UISupportedInterfaceOrientations_iPad = "UIInterfaceOrientationPortrait UIInterfaceOrientationPortraitUpsideDown UIInterfaceOrientationLandscapeLeft UIInterfaceOrientationLandscapeRight";
				INFOPLIST_KEY_UISupportedInterfaceOrientations_iPhone = "UIInterfaceOrientationPortrait UIInterfaceOrientationLandscapeLeft UIInterfaceOrientationLandscapeRight";
				LD_RUNPATH_SEARCH_PATHS = (
					"$(inherited)",
					"@executable_path/Frameworks",
				);
				MARKETING_VERSION = 1.0;
				PRODUCT_BUNDLE_IDENTIFIER = uk.co.markgolubev.LoginRxSwift;
				PRODUCT_NAME = "$(TARGET_NAME)";
				SWIFT_EMIT_LOC_STRINGS = YES;
				SWIFT_VERSION = 5.0;
				TARGETED_DEVICE_FAMILY = "1,2";
			};
			name = Debug;
		};
		8616E8242A095A9D0028F1D9 /* Release */ = {
			isa = XCBuildConfiguration;
			buildSettings = {
				ASSETCATALOG_COMPILER_APPICON_NAME = AppIcon;
				ASSETCATALOG_COMPILER_GLOBAL_ACCENT_COLOR_NAME = AccentColor;
				CODE_SIGN_STYLE = Automatic;
				CURRENT_PROJECT_VERSION = 1;
				DEVELOPMENT_TEAM = 922R4697G4;
				GENERATE_INFOPLIST_FILE = YES;
				INFOPLIST_FILE = LoginRxSwift/Info.plist;
				INFOPLIST_KEY_UIApplicationSupportsIndirectInputEvents = YES;
				INFOPLIST_KEY_UILaunchStoryboardName = LaunchScreen;
				INFOPLIST_KEY_UIMainStoryboardFile = Main;
				INFOPLIST_KEY_UISupportedInterfaceOrientations_iPad = "UIInterfaceOrientationPortrait UIInterfaceOrientationPortraitUpsideDown UIInterfaceOrientationLandscapeLeft UIInterfaceOrientationLandscapeRight";
				INFOPLIST_KEY_UISupportedInterfaceOrientations_iPhone = "UIInterfaceOrientationPortrait UIInterfaceOrientationLandscapeLeft UIInterfaceOrientationLandscapeRight";
				LD_RUNPATH_SEARCH_PATHS = (
					"$(inherited)",
					"@executable_path/Frameworks",
				);
				MARKETING_VERSION = 1.0;
				PRODUCT_BUNDLE_IDENTIFIER = uk.co.markgolubev.LoginRxSwift;
				PRODUCT_NAME = "$(TARGET_NAME)";
				SWIFT_EMIT_LOC_STRINGS = YES;
				SWIFT_VERSION = 5.0;
				TARGETED_DEVICE_FAMILY = "1,2";
			};
			name = Release;
		};
/* End XCBuildConfiguration section */

/* Begin XCConfigurationList section */
		8616E8092A095A9D0028F1D9 /* Build configuration list for PBXProject "LoginRxSwift" */ = {
			isa = XCConfigurationList;
			buildConfigurations = (
				8616E8202A095A9D0028F1D9 /* Debug */,
				8616E8212A095A9D0028F1D9 /* Release */,
			);
			defaultConfigurationIsVisible = 0;
			defaultConfigurationName = Release;
		};
		8616E8222A095A9D0028F1D9 /* Build configuration list for PBXNativeTarget "LoginRxSwift" */ = {
			isa = XCConfigurationList;
			buildConfigurations = (
				8616E8232A095A9D0028F1D9 /* Debug */,
				8616E8242A095A9D0028F1D9 /* Release */,
			);
			defaultConfigurationIsVisible = 0;
			defaultConfigurationName = Release;
		};
/* End XCConfigurationList section */

/* Begin XCRemoteSwiftPackageReference section */
		8616E8252A0961940028F1D9 /* XCRemoteSwiftPackageReference "RxSwift" */ = {
			isa = XCRemoteSwiftPackageReference;
			repositoryURL = "https://github.com/ReactiveX/RxSwift.git";
			requirement = {
				branch = main;
				kind = branch;
			};
		};
/* End XCRemoteSwiftPackageReference section */

/* Begin XCSwiftPackageProductDependency section */
		8616E8262A0961940028F1D9 /* RxCocoa */ = {
			isa = XCSwiftPackageProductDependency;
			package = 8616E8252A0961940028F1D9 /* XCRemoteSwiftPackageReference "RxSwift" */;
			productName = RxCocoa;
		};
		8616E8282A0961940028F1D9 /* RxSwift */ = {
			isa = XCSwiftPackageProductDependency;
			package = 8616E8252A0961940028F1D9 /* XCRemoteSwiftPackageReference "RxSwift" */;
			productName = RxSwift;
		};
/* End XCSwiftPackageProductDependency section */
	};
	rootObject = 8616E8062A095A9D0028F1D9 /* Project object */;
}
